{
  "object": {
    "pins": [
      {
        "package": "RemoteImage",
        "repositoryURL": "https://github.com/DanielMandea/RemoteImage.git",
        "state": {
          "branch": "master",
          "revision": "af07f61a2d293c5736349958bac47e8f4fe6d36e",
          "version": null
        }
      }
    ]
  },
  "version": 1
}
