<?xml version="1.0" encoding="UTF-8"?>
<Scheme
   LastUpgradeVersion = "1100"
   version = "1.3">
   <BuildAction
      parallelizeBuildables = "YES"
      buildImplicitDependencies = "YES">
      <BuildActionEntries>
         <BuildActionEntry
            buildForTesting = "YES"
            buildForRunning = "YES"
            buildForProfiling = "YES"
            buildForArchiving = "YES"
            buildForAnalyzing = "YES">
            <BuildableReference
               BuildableIdentifier = "primary"
               BlueprintIdentifier = "6D52933F232149610075D107"
               BuildableName = "MTDBlog.app"
               BlueprintName = "MTDBlog"
               ReferencedContainer = "container:MTDBlog.xcodeproj">
            </BuildableReference>
         </BuildActionEntry>
      </BuildActionEntries>
   </BuildAction>
   <TestAction
      buildConfiguration = "Debug"
      selectedDebuggerIdentifier = "Xcode.DebuggerFoundation.Debugger.LLDB"
      selectedLauncherIdentifier = "Xcode.DebuggerFoundation.Launcher.LLDB"
      shouldUseLaunchSchemeArgsEnv = "YES">
      <Testables>
         <TestableReference
            skipped = "NO">
            <BuildableReference
               BuildableIdentifier = "primary"
               BlueprintIdentifier = "6D529355232149640075D107"
               BuildableName = "MTDBlogTests.xctest"
               BlueprintName = "MTDBlogTests"
               ReferencedContainer = "container:MTDBlog.xcodeproj">
            </BuildableReference>
         </TestableReference>
         <TestableReference
            skipped = "NO">
            <BuildableReference
               BuildableIdentifier = "primary"
               BlueprintIdentifier = "6D529360232149640075D107"
               BuildableName = "MTDBlogUITests.xctest"
               BlueprintName = "MTDBlogUITests"
               ReferencedContainer = "container:MTDBlog.xcodeproj">
            </BuildableReference>
         </TestableReference>
         <TestableReference
            skipped = "NO">
            <BuildableReference
               BuildableIdentifier = "primary"
               BlueprintIdentifier = "MTDBlogRequestsTests"
               BuildableName = "MTDBlogRequestsTests"
               BlueprintName = "MTDBlogRequestsTests"
               ReferencedContainer = "container:../mtd-blog-requests">
            </BuildableReference>
         </TestableReference>
         <TestableReference
            skipped = "NO">
            <BuildableReference
               BuildableIdentifier = "primary"
               BlueprintIdentifier = "MTDBlogComponentsTests"
               BuildableName = "MTDBlogComponentsTests"
               BlueprintName = "MTDBlogComponentsTests"
               ReferencedContainer = "container:../mtd-blog-components">
            </BuildableReference>
         </TestableReference>
      </Testables>
   </TestAction>
   <LaunchAction
      buildConfiguration = "Debug"
      selectedDebuggerIdentifier = "Xcode.DebuggerFoundation.Debugger.LLDB"
      selectedLauncherIdentifier = "Xcode.DebuggerFoundation.Launcher.LLDB"
      launchStyle = "0"
      useCustomWorkingDirectory = "NO"
      ignoresPersistentStateOnLaunch = "NO"
      debugDocumentVersioning = "YES"
      debugServiceExtension = "internal"
      allowLocationSimulation = "YES">
      <BuildableProductRunnable
         runnableDebuggingMode = "0">
         <BuildableReference
            BuildableIdentifier = "primary"
            BlueprintIdentifier = "6D52933F232149610075D107"
            BuildableName = "MTDBlog.app"
            BlueprintName = "MTDBlog"
            ReferencedContainer = "container:MTDBlog.xcodeproj">
         </BuildableReference>
      </BuildableProductRunnable>
   </LaunchAction>
   <ProfileAction
      buildConfiguration = "Release"
      shouldUseLaunchSchemeArgsEnv = "YES"
      savedToolIdentifier = ""
      useCustomWorkingDirectory = "NO"
      debugDocumentVersioning = "YES">
      <BuildableProductRunnable
         runnableDebuggingMode = "0">
         <BuildableReference
            BuildableIdentifier = "primary"
            BlueprintIdentifier = "6D52933F232149610075D107"
            BuildableName = "MTDBlog.app"
            BlueprintName = "MTDBlog"
            ReferencedContainer = "container:MTDBlog.xcodeproj">
         </BuildableReference>
      </BuildableProductRunnable>
   </ProfileAction>
   <AnalyzeAction
      buildConfiguration = "Debug">
   </AnalyzeAction>
   <ArchiveAction
      buildConfiguration = "Release"
      revealArchiveInOrganizer = "YES">
   </ArchiveAction>
</Scheme>
